
Microsoft Visual Studio Solution File, Format Version 12.00
# Visual Studio 15
VisualStudioVersion = 15.0.27004.2006
MinimumVisualStudioVersion = 10.0.40219.1
Project("{FAE04EC0-301F-11D3-BF4B-00C04F79EFBC}") = "WorkshareTest", "WorkshareTest\WorkshareTest.csproj", "{796B5B5D-2B56-4B3A-870F-600089C7DD9F}"
EndProject
Project("{FAE04EC0-301F-11D3-BF4B-00C04F79EFBC}") = "Workshare.services", "Workshare.services\Workshare.services.csproj", "{68304B73-DA95-4CA8-AB3A-0F6D5E74BF97}"
EndProject
Project("{FAE04EC0-301F-11D3-BF4B-00C04F79EFBC}") = "Workshare.domain", "Workshare.domain\Workshare.domain.csproj", "{F50DAA26-976A-4AD3-9F5B-823E30CED1AE}"
EndProject
Global
	GlobalSection(SolutionConfigurationPlatforms) = preSolution
		Debug|Any CPU = Debug|Any CPU
		Release|Any CPU = Release|Any CPU
	EndGlobalSection
	GlobalSection(ProjectConfigurationPlatforms) = postSolution
		{796B5B5D-2B56-4B3A-870F-600089C7DD9F}.Debug|Any CPU.ActiveCfg = Debug|Any CPU
		{796B5B5D-2B56-4B3A-870F-600089C7DD9F}.Debug|Any CPU.Build.0 = Debug|Any CPU
		{796B5B5D-2B56-4B3A-870F-600089C7DD9F}.Release|Any CPU.ActiveCfg = Release|Any CPU
		{796B5B5D-2B56-4B3A-870F-600089C7DD9F}.Release|Any CPU.Build.0 = Release|Any CPU
		{68304B73-DA95-4CA8-AB3A-0F6D5E74BF97}.Debug|Any CPU.ActiveCfg = Debug|Any CPU
		{68304B73-DA95-4CA8-AB3A-0F6D5E74BF97}.Debug|Any CPU.Build.0 = Debug|Any CPU
		{68304B73-DA95-4CA8-AB3A-0F6D5E74BF97}.Release|Any CPU.ActiveCfg = Release|Any CPU
		{68304B73-DA95-4CA8-AB3A-0F6D5E74BF97}.Release|Any CPU.Build.0 = Release|Any CPU
		{F50DAA26-976A-4AD3-9F5B-823E30CED1AE}.Debug|Any CPU.ActiveCfg = Debug|Any CPU
		{F50DAA26-976A-4AD3-9F5B-823E30CED1AE}.Debug|Any CPU.Build.0 = Debug|Any CPU
		{F50DAA26-976A-4AD3-9F5B-823E30CED1AE}.Release|Any CPU.ActiveCfg = Release|Any CPU
		{F50DAA26-976A-4AD3-9F5B-823E30CED1AE}.Release|Any CPU.Build.0 = Release|Any CPU
	EndGlobalSection
	GlobalSection(SolutionProperties) = preSolution
		HideSolutionNode = FALSE
	EndGlobalSection
	GlobalSection(ExtensibilityGlobals) = postSolution
		SolutionGuid = {5D6892E8-F30C-4438-B102-4F878C3C3E93}
	EndGlobalSection
EndGlobal
